
Microsoft Visual Studio Solution File, Format Version 12.00
# Visual Studio Version 17
VisualStudioVersion = 17.14.36518.9 d17.14
MinimumVisualStudioVersion = 10.0.40219.1
Project("{FAE04EC0-301F-11D3-BF4B-00C04F79EFBC}") = "SimulacroV2", "SimulacroV2\SimulacroV2.csproj", "{C15D6AAA-2719-4CB6-8455-C71E4EC06880}"
EndProject
Global
	GlobalSection(SolutionConfigurationPlatforms) = preSolution
		Debug|Any CPU = Debug|Any CPU
		Release|Any CPU = Release|Any CPU
	EndGlobalSection
	GlobalSection(ProjectConfigurationPlatforms) = postSolution
		{C15D6AAA-2719-4CB6-8455-C71E4EC06880}.Debug|Any CPU.ActiveCfg = Debug|Any CPU
		{C15D6AAA-2719-4CB6-8455-C71E4EC06880}.Debug|Any CPU.Build.0 = Debug|Any CPU
		{C15D6AAA-2719-4CB6-8455-C71E4EC06880}.Release|Any CPU.ActiveCfg = Release|Any CPU
		{C15D6AAA-2719-4CB6-8455-C71E4EC06880}.Release|Any CPU.Build.0 = Release|Any CPU
	EndGlobalSection
	GlobalSection(SolutionProperties) = preSolution
		HideSolutionNode = FALSE
	EndGlobalSection
	GlobalSection(ExtensibilityGlobals) = postSolution
		SolutionGuid = {042E5A3F-B155-42E5-8315-A718D29ECBC3}
	EndGlobalSection
EndGlobal
